# THIS IS AN AUTOGENERATED FILE. DO NOT EDIT THIS FILE DIRECTLY.
# yarn lockfile v1


"@protobufjs/aspromise@^1.1.1", "@protobufjs/aspromise@^1.1.2":
  version "1.1.2"
  resolved "https://registry.yarnpkg.com/@protobufjs/aspromise/-/aspromise-1.1.2.tgz#9b8b0cc663d669a7d8f6f5d0893a14d348f30fbf"
  integrity sha1-m4sMxmPWaafY9vXQiToU00jzD78=

"@protobufjs/base64@^1.1.2":
  version "1.1.2"
  resolved "https://registry.yarnpkg.com/@protobufjs/base64/-/base64-1.1.2.tgz#4c85730e59b9a1f1f349047dbf24296034bb2735"
  integrity sha512-AZkcAA5vnN/v4PDqKyMR5lx7hZttPDgClv83E//FMNhR2TMcLUhfRUBHCmSl0oi9zMgDDqRUJkSxO3wm85+XLg==

"@protobufjs/codegen@^2.0.4":
  version "2.0.4"
  resolved "https://registry.yarnpkg.com/@protobufjs/codegen/-/codegen-2.0.4.tgz#7ef37f0d010fb028ad1ad59722e506d9262815cb"
  integrity sha512-YyFaikqM5sH0ziFZCN3xDC7zeGaB/d0IUb9CATugHWbd1FRFwWwt4ld4OYMPWu5a3Xe01mGAULCdqhMlPl29Jg==

"@protobufjs/eventemitter@^1.1.0":
  version "1.1.0"
  resolved "https://registry.yarnpkg.com/@protobufjs/eventemitter/-/eventemitter-1.1.0.tgz#355cbc98bafad5978f9ed095f397621f1d066b70"
  integrity sha1-NVy8mLr61ZePntCV85diHx0Ga3A=

"@protobufjs/fetch@^1.1.0":
  version "1.1.0"
  resolved "https://registry.yarnpkg.com/@protobufjs/fetch/-/fetch-1.1.0.tgz#ba99fb598614af65700c1619ff06d454b0d84c45"
  integrity sha1-upn7WYYUr2VwDBYZ/wbUVLDYTEU=
  dependencies:
    "@protobufjs/aspromise" "^1.1.1"
    "@protobufjs/inquire" "^1.1.0"

"@protobufjs/float@^1.0.2":
  version "1.0.2"
  resolved "https://registry.yarnpkg.com/@protobufjs/float/-/float-1.0.2.tgz#5e9e1abdcb73fc0a7cb8b291df78c8cbd97b87d1"
  integrity sha1-Xp4avctz/Ap8uLKR33jIy9l7h9E=

"@protobufjs/inquire@^1.1.0":
  version "1.1.0"
  resolved "https://registry.yarnpkg.com/@protobufjs/inquire/-/inquire-1.1.0.tgz#ff200e3e7cf2429e2dcafc1140828e8cc638f089"
  integrity sha1-/yAOPnzyQp4tyvwRQIKOjMY48Ik=

"@protobufjs/path@^1.1.2":
  version "1.1.2"
  resolved "https://registry.yarnpkg.com/@protobufjs/path/-/path-1.1.2.tgz#6cc2b20c5c9ad6ad0dccfd21ca7673d8d7fbf68d"
  integrity sha1-bMKyDFya1q0NzP0hynZz2Nf79o0=

"@protobufjs/pool@^1.1.0":
  version "1.1.0"
  resolved "https://registry.yarnpkg.com/@protobufjs/pool/-/pool-1.1.0.tgz#09fd15f2d6d3abfa9b65bc366506d6ad7846ff54"
  integrity sha1-Cf0V8tbTq/qbZbw2ZQbWrXhG/1Q=

"@protobufjs/utf8@^1.1.0":
  version "1.1.0"
  resolved "https://registry.yarnpkg.com/@protobufjs/utf8/-/utf8-1.1.0.tgz#a777360b5b39a1a2e5106f8e858f2fd2d060c570"
  integrity sha1-p3c2C1s5oaLlEG+OhY8v0tBgxXA=

"@types/bip39@^2.4.0":
  version "2.4.2"
  resolved "https://registry.yarnpkg.com/@types/bip39/-/bip39-2.4.2.tgz#f5d6617212be496bb998d3969f657f77a10c5287"
  integrity sha512-Vo9lqOIRq8uoIzEVrV87ZvcIM0PN9t0K3oYZ/CS61fIYKCBdOIM7mlWzXuRvSXrDtVa1uUO2w1cdfufxTC0bzg==
  dependencies:
    "@types/node" "*"

"@types/bn.js@^4.11.3":
  version "4.11.6"
  resolved "https://registry.yarnpkg.com/@types/bn.js/-/bn.js-4.11.6.tgz#c306c70d9358aaea33cd4eda092a742b9505967c"
  integrity sha512-pqr857jrp2kPuO9uRjZ3PwnJTjoQy+fcdxvBTvHm6dkmEL9q+hDD/2j/0ELOBPtPnS8LjCX0gI9nbl8lVkadpg==
  dependencies:
    "@types/node" "*"

"@types/hdkey@^0.7.0":
  version "0.7.1"
  resolved "https://registry.yarnpkg.com/@types/hdkey/-/hdkey-0.7.1.tgz#9bc63ebbe96b107b277b65ea7a95442a677d0d61"
  integrity sha512-4Kkr06hq+R8a9EzVNqXGOY2x1xA7dhY6qlp6OvaZ+IJy1BCca1Cv126RD9X7CMJoXoLo8WvAizy8gQHpqW6K0Q==
  dependencies:
    "@types/node" "*"

"@types/long@^4.0.0":
  version "4.0.1"
  resolved "https://registry.yarnpkg.com/@types/long/-/long-4.0.1.tgz#459c65fa1867dafe6a8f322c4c51695663cc55e9"
  integrity sha512-5tXH6Bx/kNGd3MgffdmP4dy2Z+G4eaXw0SE81Tq3BNadtnMR5/ySMzX4SLEzHJzSmPNn4HIdpQsBvXMUykr58w==

"@types/node@*":
  version "13.11.1"
  resolved "https://registry.yarnpkg.com/@types/node/-/node-13.11.1.tgz#49a2a83df9d26daacead30d0ccc8762b128d53c7"
  integrity sha512-eWQGP3qtxwL8FGneRrC5DwrJLGN4/dH1clNTuLfN81HCrxVtxRjygDTUoZJ5ASlDEeo0ppYFQjQIlXhtXpOn6g==

"@types/node@^10.1.0":
  version "10.17.19"
  resolved "https://registry.yarnpkg.com/@types/node/-/node-10.17.19.tgz#1d31ddd5503dba2af7a901aafef3392e4955620e"
  integrity sha512-46/xThm3zvvc9t9/7M3AaLEqtOpqlYYYcCZbpYVAQHG20+oMZBkae/VMrn4BTi6AJ8cpack0mEXhGiKmDNbLrQ==

"@zilliqa-js/account@0.9.0":
  version "0.9.0"
  resolved "https://registry.yarnpkg.com/@zilliqa-js/account/-/account-0.9.0.tgz#e06a6d030dd358f18f170beb6e163c5e80e998a4"
  integrity sha512-RnlNxXF7jKumKA8g20WF4tdSc22TtFxzRxFxueJ5ocJr8sgH+9mLI9Tv8HcWezCiHRdxJc0JKdgMKUAbh8Fi2Q==
  dependencies:
    "@types/bip39" "^2.4.0"
    "@types/hdkey" "^0.7.0"
    "@zilliqa-js/core" "0.9.0"
    "@zilliqa-js/crypto" "0.9.0"
    "@zilliqa-js/proto" "0.9.0"
    "@zilliqa-js/util" "0.9.0"
    bip39 "^2.5.0"
    hdkey "^1.1.0"

"@zilliqa-js/blockchain@0.9.0":
  version "0.9.0"
  resolved "https://registry.yarnpkg.com/@zilliqa-js/blockchain/-/blockchain-0.9.0.tgz#58e70b2ce8ef4dad68c18032eaa2fdc46358ec0d"
  integrity sha512-V52upY58aVP+UxFPmcQli/GVe4o+cYRpLmEfFI2R7YoX1SpZwVznp7N1DnSKHFgVGlJPgCQY+g3ZeObEOL6fWw==
  dependencies:
    "@zilliqa-js/account" "0.9.0"
    "@zilliqa-js/contract" "0.9.0"
    "@zilliqa-js/core" "0.9.0"
    "@zilliqa-js/crypto" "0.9.0"
    "@zilliqa-js/util" "0.9.0"
    utility-types "^3.4.1"

"@zilliqa-js/contract@0.9.0":
  version "0.9.0"
  resolved "https://registry.yarnpkg.com/@zilliqa-js/contract/-/contract-0.9.0.tgz#4cf0cc0f4b70e85abf10b6ef1d98dc5dead4ccf0"
  integrity sha512-p7VKRDFR4Q7PWjauTHNwk4QN18GNX9dh1ou+s4ih03/v6hREENaIakRfHcMAsuP+ACqHo87B12uMwz9CTc6J9Q==
  dependencies:
    "@zilliqa-js/account" "0.9.0"
    "@zilliqa-js/blockchain" "0.9.0"
    "@zilliqa-js/core" "0.9.0"
    "@zilliqa-js/crypto" "0.9.0"
    "@zilliqa-js/util" "0.9.0"
    hash.js "^1.1.5"
    utility-types "^2.1.0"

"@zilliqa-js/core@0.8.3":
  version "0.8.3"
  resolved "https://registry.yarnpkg.com/@zilliqa-js/core/-/core-0.8.3.tgz#9c9ff0d1b7ec60ec73011fe70d33c691afef5c28"
  integrity sha512-3ZvAzLg5oPx18WSxyx6xDVSNp+2IYnhhxDe3in76aKpgurjAkdxWrhQRWpKNNrGtLNiQ2yn8vMDULxJCump3NQ==
  dependencies:
    "@zilliqa-js/crypto" "0.8.3"
    "@zilliqa-js/util" "0.8.3"
    cross-fetch "^2.2.2"
    mitt "^1.1.3"

"@zilliqa-js/core@0.9.0":
  version "0.9.0"
  resolved "https://registry.yarnpkg.com/@zilliqa-js/core/-/core-0.9.0.tgz#f79294a5b8fd9c72a0615c58138096c8d8c3026c"
  integrity sha512-3TqiN6/HwGsv6pjBF893USLL8bS4nL81oG7HdzARc0MalzRtVMTk0nPvi76DAqlvAQNbrQ3IlkA8Sfc0+LPtAQ==
  dependencies:
    "@zilliqa-js/crypto" "0.9.0"
    "@zilliqa-js/util" "0.9.0"
    cross-fetch "^2.2.2"
    mitt "^1.1.3"

"@zilliqa-js/crypto@0.8.3":
  version "0.8.3"
  resolved "https://registry.yarnpkg.com/@zilliqa-js/crypto/-/crypto-0.8.3.tgz#8e8550e5c3850ac4c9cafb09c927a883d563bf11"
  integrity sha512-5O93xlmYr/UWtS1oA7d1mLWSY4oH7SThtGTi4G05r2pgT8Gy2/QYvff8Uhj/8TLi5/s5Qp3WmJeI+GF8rjq6og==
  dependencies:
    "@zilliqa-js/util" "0.8.3"
    aes-js "^3.1.1"
    bsert "^0.0.4"
    elliptic "^6.5.0"
    hash.js "^1.1.5"
    hmac-drbg "^1.0.1"
    pbkdf2 "^3.0.16"
    randombytes "^2.0.6"
    scryptsy "^2.1.0"
    uuid "^3.3.2"
  optionalDependencies:
    scrypt.js "^0.3.0"

"@zilliqa-js/crypto@0.9.0":
  version "0.9.0"
  resolved "https://registry.yarnpkg.com/@zilliqa-js/crypto/-/crypto-0.9.0.tgz#cd7a3866173d394e9e7691862027698487ca5f69"
  integrity sha512-nR/2s/oMy3WHO9KUHH7M8suBccc5USae3wt1Bc/x1/EIOT/XBt6hIs4UW0JkLXPJ74XW+D3jgL2i/FXrkzlHgA==
  dependencies:
    "@zilliqa-js/util" "0.9.0"
    aes-js "^3.1.1"
    bsert "^0.0.4"
    elliptic "^6.5.0"
    hash.js "^1.1.5"
    hmac-drbg "^1.0.1"
    pbkdf2 "^3.0.16"
    randombytes "^2.0.6"
    scryptsy "^2.1.0"
    uuid "^3.3.2"
  optionalDependencies:
    scrypt.js "^0.3.0"

"@zilliqa-js/proto@0.9.0":
  version "0.9.0"
  resolved "https://registry.yarnpkg.com/@zilliqa-js/proto/-/proto-0.9.0.tgz#029399c4839e429b57e59b1c191341dfb89e2377"
  integrity sha512-5vxTFlKNvuEeJ96eAuN1gOnPb3ctDvcBR7KL6HC7+yuNmt7dB01JGvJWXkoSSPy6k/bfL8gWwFXhRvsAUSLAig==
  dependencies:
    protobufjs "^6.8.8"

"@zilliqa-js/subscriptions@0.9.0":
  version "0.9.0"
  resolved "https://registry.yarnpkg.com/@zilliqa-js/subscriptions/-/subscriptions-0.9.0.tgz#23f012085824c576f432464b4e80844a77a23e38"
  integrity sha512-x/b+aNOMFvnq3QOS02LMTNLYKQpyd5gjMhU7/MzHtyQBapx3GK7jsETW1ri10fMZijfTQa5UnNjpRVL0ALBHXQ==
  dependencies:
    "@zilliqa-js/core" "0.8.3"
    mock-socket "^9.0.2"
    websocket "^1.0.28"

"@zilliqa-js/util@0.8.3":
  version "0.8.3"
  resolved "https://registry.yarnpkg.com/@zilliqa-js/util/-/util-0.8.3.tgz#8f191ef9fc74a9a5f7b7dc3046eb9b319b387a04"
  integrity sha512-adcl6eVvsHQtYFLQYeozIIxDaY/y6y1MIIq4ShDKg/cFOJS1yLWLUA5jVHxEc+y9kRreXWrQdR2kAn1URhxdJA==
  dependencies:
    "@types/bn.js" "^4.11.3"
    "@types/long" "^4.0.0"
    bn.js "^4.11.8"
    long "^4.0.0"

"@zilliqa-js/util@0.9.0":
  version "0.9.0"
  resolved "https://registry.yarnpkg.com/@zilliqa-js/util/-/util-0.9.0.tgz#43a7093c40ec68ac381482d28f80f8262c9af397"
  integrity sha512-+TuQffDNvzObjB7+e0tp/HunFBvQmcsQ5uoF6ccZ1Zbc4umNVF2OrpucjWk0eP4Pwik3yrxinRibKX2c72uI7A==
  dependencies:
    "@types/bn.js" "^4.11.3"
    "@types/long" "^4.0.0"
    bn.js "^4.11.8"
    long "^4.0.0"

"@zilliqa-js/zilliqa@^0.9.0":
  version "0.9.0"
  resolved "https://registry.yarnpkg.com/@zilliqa-js/zilliqa/-/zilliqa-0.9.0.tgz#11eb13657e401dded8f3ade250eba8768abb5082"
  integrity sha512-fzXA56gUXZoOpCLrp1oUGnAUt7hJXPV7umoE7+2z05TGgagMbWs7ugiKsNjSALw36QrtzrLZ8jThy8yAQ+7HKw==
  dependencies:
    "@zilliqa-js/account" "0.9.0"
    "@zilliqa-js/blockchain" "0.9.0"
    "@zilliqa-js/contract" "0.9.0"
    "@zilliqa-js/core" "0.9.0"
    "@zilliqa-js/crypto" "0.9.0"
    "@zilliqa-js/subscriptions" "0.9.0"
    "@zilliqa-js/util" "0.9.0"

aes-js@^3.1.1:
  version "3.1.2"
  resolved "https://registry.yarnpkg.com/aes-js/-/aes-js-3.1.2.tgz#db9aabde85d5caabbfc0d4f2a4446960f627146a"
  integrity sha512-e5pEa2kBnBOgR4Y/p20pskXI74UEz7de8ZGVo58asOtvSVG5YAbJeELPZxOmt+Bnz3rX753YKhfIn4X4l1PPRQ==

bindings@^1.5.0:
  version "1.5.0"
  resolved "https://registry.yarnpkg.com/bindings/-/bindings-1.5.0.tgz#10353c9e945334bc0511a6d90b38fbc7c9c504df"
  integrity sha512-p2q/t/mhvuOj/UeLlV6566GD/guowlr0hHxClI0W9m7MWYkL1F0hLo+0Aexs9HSPCtR1SXQ0TD3MMKrXZajbiQ==
  dependencies:
    file-uri-to-path "1.0.0"

bip39@^2.5.0:
  version "2.6.0"
  resolved "https://registry.yarnpkg.com/bip39/-/bip39-2.6.0.tgz#9e3a720b42ec8b3fbe4038f1e445317b6a99321c"
  integrity sha512-RrnQRG2EgEoqO24ea+Q/fftuPUZLmrEM3qNhhGsA3PbaXaCW791LTzPuVyx/VprXQcTbPJ3K3UeTna8ZnVl2sg==
  dependencies:
    create-hash "^1.1.0"
    pbkdf2 "^3.0.9"
    randombytes "^2.0.1"
    safe-buffer "^5.0.1"
    unorm "^1.3.3"

bip66@^1.1.5:
  version "1.1.5"
  resolved "https://registry.yarnpkg.com/bip66/-/bip66-1.1.5.tgz#01fa8748785ca70955d5011217d1b3139969ca22"
  integrity sha1-AfqHSHhcpwlV1QESF9GzE5lpyiI=
  dependencies:
    safe-buffer "^5.0.1"

bn.js@^4.11.8, bn.js@^4.11.9:
  version "4.12.0"
  resolved "https://registry.yarnpkg.com/bn.js/-/bn.js-4.12.0.tgz#775b3f278efbb9718eec7361f483fb36fbbfea88"
  integrity sha512-c98Bf3tPniI+scsdk237ku1Dc3ujXQTSgyiPUDEOe7tRkhrqridvh8klBv0HCEso1OLOYcHuCv/cS6DNxKH+ZA==

brorand@^1.1.0:
  version "1.1.0"
  resolved "https://registry.yarnpkg.com/brorand/-/brorand-1.1.0.tgz#12c25efe40a45e3c323eb8675a0a0ce57b22371f"
  integrity sha1-EsJe/kCkXjwyPrhnWgoM5XsiNx8=

browserify-aes@^1.0.6:
  version "1.2.0"
  resolved "https://registry.yarnpkg.com/browserify-aes/-/browserify-aes-1.2.0.tgz#326734642f403dabc3003209853bb70ad428ef48"
  integrity sha512-+7CHXqGuspUn/Sl5aO7Ea0xWGAtETPXNSAjHo48JfLdPWcMng33Xe4znFvQweqc/uzk5zSOI3H52CYnjCfb5hA==
  dependencies:
    buffer-xor "^1.0.3"
    cipher-base "^1.0.0"
    create-hash "^1.1.0"
    evp_bytestokey "^1.0.3"
    inherits "^2.0.1"
    safe-buffer "^5.0.1"

bs58@^2.0.1:
  version "2.0.1"
  resolved "https://registry.yarnpkg.com/bs58/-/bs58-2.0.1.tgz#55908d58f1982aba2008fa1bed8f91998a29bf8d"
  integrity sha1-VZCNWPGYKrogCPob7Y+RmYopv40=

bsert@^0.0.4:
  version "0.0.4"
  resolved "https://registry.yarnpkg.com/bsert/-/bsert-0.0.4.tgz#2b3c236357923f0625f948802a5f9b66c0383d0b"
  integrity sha512-VReLe1aTaHRmf80YLOHUk8ONQ48SjseZP76GlNIDheD5REYByn/Mm9yrtI0/ZCaFrcfxzgpiw1/hMMCUOSMa3w==

buffer-xor@^1.0.3:
  version "1.0.3"
  resolved "https://registry.yarnpkg.com/buffer-xor/-/buffer-xor-1.0.3.tgz#26e61ed1422fb70dd42e6e36729ed51d855fe8d9"
  integrity sha1-JuYe0UIvtw3ULm42cp7VHYVf6Nk=

cipher-base@^1.0.0, cipher-base@^1.0.1, cipher-base@^1.0.3:
  version "1.0.4"
  resolved "https://registry.yarnpkg.com/cipher-base/-/cipher-base-1.0.4.tgz#8760e4ecc272f4c363532f926d874aae2c1397de"
  integrity sha512-Kkht5ye6ZGmwv40uUDZztayT2ThLQGfnj/T71N/XzeZeo3nf8foyW7zGTsPYkEya3m5f3cAypH+qe7YOrM1U2Q==
  dependencies:
    inherits "^2.0.1"
    safe-buffer "^5.0.1"

coinstring@^2.0.0:
  version "2.3.0"
  resolved "https://registry.yarnpkg.com/coinstring/-/coinstring-2.3.0.tgz#cdb63363a961502404a25afb82c2e26d5ff627a4"
  integrity sha1-zbYzY6lhUCQEolr7gsLibV/2J6Q=
  dependencies:
    bs58 "^2.0.1"
    create-hash "^1.1.1"

create-hash@^1.1.0, create-hash@^1.1.1, create-hash@^1.1.2, create-hash@^1.2.0:
  version "1.2.0"
  resolved "https://registry.yarnpkg.com/create-hash/-/create-hash-1.2.0.tgz#889078af11a63756bcfb59bd221996be3a9ef196"
  integrity sha512-z00bCGNHDG8mHAkP7CtT1qVu+bFQUPjYq/4Iv3C3kWjTFV10zIjfSoeqXo9Asws8gwSHDGj/hl2u4OGIjapeCg==
  dependencies:
    cipher-base "^1.0.1"
    inherits "^2.0.1"
    md5.js "^1.3.4"
    ripemd160 "^2.0.1"
    sha.js "^2.4.0"

create-hmac@^1.1.4:
  version "1.1.7"
  resolved "https://registry.yarnpkg.com/create-hmac/-/create-hmac-1.1.7.tgz#69170c78b3ab957147b2b8b04572e47ead2243ff"
  integrity sha512-MJG9liiZ+ogc4TzUwuvbER1JRdgvUFSB5+VR/g5h82fGaIRWMWddtKBHi7/sVhfjQZ6SehlyhvQYrcYkaUIpLg==
  dependencies:
    cipher-base "^1.0.3"
    create-hash "^1.1.0"
    inherits "^2.0.1"
    ripemd160 "^2.0.0"
    safe-buffer "^5.0.1"
    sha.js "^2.4.8"

cross-fetch@^2.2.2:
  version "2.2.3"
  resolved "https://registry.yarnpkg.com/cross-fetch/-/cross-fetch-2.2.3.tgz#e8a0b3c54598136e037f8650f8e823ccdfac198e"
  integrity sha512-PrWWNH3yL2NYIb/7WF/5vFG3DCQiXDOVf8k3ijatbrtnwNuhMWLC7YF7uqf53tbTFDzHIUD8oITw4Bxt8ST3Nw==
  dependencies:
    node-fetch "2.1.2"
    whatwg-fetch "2.0.4"

d@1, d@^1.0.1:
  version "1.0.1"
  resolved "https://registry.yarnpkg.com/d/-/d-1.0.1.tgz#8698095372d58dbee346ffd0c7093f99f8f9eb5a"
  integrity sha512-m62ShEObQ39CfralilEQRjH6oAMtNCV1xJyEx5LpRYUVN+EviphDgUc/F3hnYbADmkiNs67Y+3ylmlG7Lnu+FA==
  dependencies:
    es5-ext "^0.10.50"
    type "^1.0.1"

debug@^2.2.0:
  version "2.6.9"
  resolved "https://registry.yarnpkg.com/debug/-/debug-2.6.9.tgz#5d128515df134ff327e90a4c93f4e077a536341f"
  integrity sha512-bC7ElrdJaJnPbAP+1EotYvqZsb3ecl5wi6Bfi6BJTUcNowp6cvspg0jXznRTKDjm/E7AdgFBVeAPVMNcKGsHMA==
  dependencies:
    ms "2.0.0"

drbg.js@^1.0.1:
  version "1.0.1"
  resolved "https://registry.yarnpkg.com/drbg.js/-/drbg.js-1.0.1.tgz#3e36b6c42b37043823cdbc332d58f31e2445480b"
  integrity sha1-Pja2xCs3BDgjzbwzLVjzHiRFSAs=
  dependencies:
    browserify-aes "^1.0.6"
    create-hash "^1.1.2"
    create-hmac "^1.1.4"

elliptic@^6.5.0, elliptic@^6.5.2:
  version "6.5.4"
  resolved "https://registry.yarnpkg.com/elliptic/-/elliptic-6.5.4.tgz#da37cebd31e79a1367e941b592ed1fbebd58abbb"
  integrity sha512-iLhC6ULemrljPZb+QutR5TQGB+pdW6KGD5RSegS+8sorOZT+rdQFbsQFJgvN3eRqNALqJer4oQ16YvJHlU8hzQ==
  dependencies:
    bn.js "^4.11.9"
    brorand "^1.1.0"
    hash.js "^1.0.0"
    hmac-drbg "^1.0.1"
    inherits "^2.0.4"
    minimalistic-assert "^1.0.1"
    minimalistic-crypto-utils "^1.0.1"

es5-ext@^0.10.35, es5-ext@^0.10.50:
  version "0.10.53"
  resolved "https://registry.yarnpkg.com/es5-ext/-/es5-ext-0.10.53.tgz#93c5a3acfdbef275220ad72644ad02ee18368de1"
  integrity sha512-Xs2Stw6NiNHWypzRTY1MtaG/uJlwCk8kH81920ma8mvN8Xq1gsfhZvpkImLQArw8AHnv8MT2I45J3c0R8slE+Q==
  dependencies:
    es6-iterator "~2.0.3"
    es6-symbol "~3.1.3"
    next-tick "~1.0.0"

es6-iterator@~2.0.3:
  version "2.0.3"
  resolved "https://registry.yarnpkg.com/es6-iterator/-/es6-iterator-2.0.3.tgz#a7de889141a05a94b0854403b2d0a0fbfa98f3b7"
  integrity sha1-p96IkUGgWpSwhUQDstCg+/qY87c=
  dependencies:
    d "1"
    es5-ext "^0.10.35"
    es6-symbol "^3.1.1"

es6-symbol@^3.1.1, es6-symbol@~3.1.3:
  version "3.1.3"
  resolved "https://registry.yarnpkg.com/es6-symbol/-/es6-symbol-3.1.3.tgz#bad5d3c1bcdac28269f4cb331e431c78ac705d18"
  integrity sha512-NJ6Yn3FuDinBaBRWl/q5X/s4koRHBrgKAu+yGI6JCBeiu3qrcbJhwT2GeR/EXVfylRk8dpQVJoLEFhK+Mu31NA==
  dependencies:
    d "^1.0.1"
    ext "^1.1.2"

evp_bytestokey@^1.0.3:
  version "1.0.3"
  resolved "https://registry.yarnpkg.com/evp_bytestokey/-/evp_bytestokey-1.0.3.tgz#7fcbdb198dc71959432efe13842684e0525acb02"
  integrity sha512-/f2Go4TognH/KvCISP7OUsHn85hT9nUkxxA9BEWxFn+Oj9o8ZNLm/40hdlgSLyuOimsrTKLUMEorQexp/aPQeA==
  dependencies:
    md5.js "^1.3.4"
    safe-buffer "^5.1.1"

ext@^1.1.2:
  version "1.4.0"
  resolved "https://registry.yarnpkg.com/ext/-/ext-1.4.0.tgz#89ae7a07158f79d35517882904324077e4379244"
  integrity sha512-Key5NIsUxdqKg3vIsdw9dSuXpPCQ297y6wBjL30edxwPgt2E44WcWBZey/ZvUc6sERLTxKdyCu4gZFmUbk1Q7A==
  dependencies:
    type "^2.0.0"

file-uri-to-path@1.0.0:
  version "1.0.0"
  resolved "https://registry.yarnpkg.com/file-uri-to-path/-/file-uri-to-path-1.0.0.tgz#553a7b8446ff6f684359c445f1e37a05dacc33dd"
  integrity sha512-0Zt+s3L7Vf1biwWZ29aARiVYLx7iMGnEUl9x33fbB/j3jR81u/O2LbqK+Bm1CDSNDKVtJ/YjwY7TUd5SkeLQLw==

hash-base@^3.0.0:
  version "3.0.4"
  resolved "https://registry.yarnpkg.com/hash-base/-/hash-base-3.0.4.tgz#5fc8686847ecd73499403319a6b0a3f3f6ae4918"
  integrity sha1-X8hoaEfs1zSZQDMZprCj8/auSRg=
  dependencies:
    inherits "^2.0.1"
    safe-buffer "^5.0.1"

hash.js@^1.0.0, hash.js@^1.0.3, hash.js@^1.1.5:
  version "1.1.7"
  resolved "https://registry.yarnpkg.com/hash.js/-/hash.js-1.1.7.tgz#0babca538e8d4ee4a0f8988d68866537a003cf42"
  integrity sha512-taOaskGt4z4SOANNseOviYDvjEJinIkRgmp7LbKP2YTTmVxWBl87s/uzK9r+44BclBSp2X7K1hqeNfz9JbBeXA==
  dependencies:
    inherits "^2.0.3"
    minimalistic-assert "^1.0.1"

hdkey@^1.1.0:
  version "1.1.1"
  resolved "https://registry.yarnpkg.com/hdkey/-/hdkey-1.1.1.tgz#c2b3bfd5883ff9529b72f2f08b28be0972a9f64a"
  integrity sha512-DvHZ5OuavsfWs5yfVJZestsnc3wzPvLWNk6c2nRUfo6X+OtxypGt20vDDf7Ba+MJzjL3KS1og2nw2eBbLCOUTA==
  dependencies:
    coinstring "^2.0.0"
    safe-buffer "^5.1.1"
    secp256k1 "^3.0.1"

hmac-drbg@^1.0.1:
  version "1.0.1"
  resolved "https://registry.yarnpkg.com/hmac-drbg/-/hmac-drbg-1.0.1.tgz#d2745701025a6c775a6c545793ed502fc0c649a1"
  integrity sha1-0nRXAQJabHdabFRXk+1QL8DGSaE=
  dependencies:
    hash.js "^1.0.3"
    minimalistic-assert "^1.0.0"
    minimalistic-crypto-utils "^1.0.1"

inherits@^2.0.1, inherits@^2.0.3, inherits@^2.0.4:
  version "2.0.4"
  resolved "https://registry.yarnpkg.com/inherits/-/inherits-2.0.4.tgz#0fa2c64f932917c3433a0ded55363aae37416b7c"
  integrity sha512-k/vGaX4/Yla3WzyMCvTQOXYeIHvqOKtnqBduzTHpzpQZzAskKMhZ2K+EnBiSM9zGSoIFeMpXKxa4dYeZIQqewQ==

is-typedarray@^1.0.0:
  version "1.0.0"
  resolved "https://registry.yarnpkg.com/is-typedarray/-/is-typedarray-1.0.0.tgz#e479c80858df0c1b11ddda6940f96011fcda4a9a"
  integrity sha1-5HnICFjfDBsR3dppQPlgEfzaSpo=

long@^4.0.0:
  version "4.0.0"
  resolved "https://registry.yarnpkg.com/long/-/long-4.0.0.tgz#9a7b71cfb7d361a194ea555241c92f7468d5bf28"
  integrity sha512-XsP+KhQif4bjX1kbuSiySJFNAehNxgLb6hPRGJ9QsUr8ajHkuXGdrHmFUTUUXhDwVX2R5bY4JNZEwbUiMhV+MA==

md5.js@^1.3.4:
  version "1.3.5"
  resolved "https://registry.yarnpkg.com/md5.js/-/md5.js-1.3.5.tgz#b5d07b8e3216e3e27cd728d72f70d1e6a342005f"
  integrity sha512-xitP+WxNPcTTOgnTJcrhM0xvdPepipPSf3I8EIpGKeFLjt3PlJLIDG3u8EX53ZIubkb+5U2+3rELYpEhHhzdkg==
  dependencies:
    hash-base "^3.0.0"
    inherits "^2.0.1"
    safe-buffer "^5.1.2"

minimalistic-assert@^1.0.0, minimalistic-assert@^1.0.1:
  version "1.0.1"
  resolved "https://registry.yarnpkg.com/minimalistic-assert/-/minimalistic-assert-1.0.1.tgz#2e194de044626d4a10e7f7fbc00ce73e83e4d5c7"
  integrity sha512-UtJcAD4yEaGtjPezWuO9wC4nwUnVH/8/Im3yEHQP4b67cXlD/Qr9hdITCU1xDbSEXg2XKNaP8jsReV7vQd00/A==

minimalistic-crypto-utils@^1.0.1:
  version "1.0.1"
  resolved "https://registry.yarnpkg.com/minimalistic-crypto-utils/-/minimalistic-crypto-utils-1.0.1.tgz#f6c00c1c0b082246e5c4d99dfb8c7c083b2b582a"
  integrity sha1-9sAMHAsIIkblxNmd+4x8CDsrWCo=

mitt@^1.1.3:
  version "1.2.0"
  resolved "https://registry.yarnpkg.com/mitt/-/mitt-1.2.0.tgz#cb24e6569c806e31bd4e3995787fe38a04fdf90d"
  integrity sha512-r6lj77KlwqLhIUku9UWYes7KJtsczvolZkzp8hbaDPPaE24OmWl5s539Mytlj22siEQKosZ26qCBgda2PKwoJw==

mock-socket@^9.0.2:
  version "9.0.3"
  resolved "https://registry.yarnpkg.com/mock-socket/-/mock-socket-9.0.3.tgz#4bc6d2aea33191e4fed5ec71f039e2bbeb95e414"
  integrity sha512-SxIiD2yE/By79p3cNAAXyLQWTvEFNEzcAO7PH+DzRqKSFaplAPFjiQLmw8ofmpCsZf+Rhfn2/xCJagpdGmYdTw==
  dependencies:
    url-parse "^1.4.4"

ms@2.0.0:
  version "2.0.0"
  resolved "https://registry.yarnpkg.com/ms/-/ms-2.0.0.tgz#5608aeadfc00be6c2901df5f9861788de0d597c8"
  integrity sha1-VgiurfwAvmwpAd9fmGF4jeDVl8g=

nan@^2.0.8, nan@^2.14.0:
  version "2.14.0"
  resolved "https://registry.yarnpkg.com/nan/-/nan-2.14.0.tgz#7818f722027b2459a86f0295d434d1fc2336c52c"
  integrity sha512-INOFj37C7k3AfaNTtX8RhsTw7qRy7eLET14cROi9+5HAVbbHuIWUHEauBv5qT4Av2tWasiTY1Jw6puUNqRJXQg==

next-tick@~1.0.0:
  version "1.0.0"
  resolved "https://registry.yarnpkg.com/next-tick/-/next-tick-1.0.0.tgz#ca86d1fe8828169b0120208e3dc8424b9db8342c"
  integrity sha1-yobR/ogoFpsBICCOPchCS524NCw=

node-fetch@2.1.2:
  version "2.1.2"
  resolved "https://registry.yarnpkg.com/node-fetch/-/node-fetch-2.1.2.tgz#ab884e8e7e57e38a944753cec706f788d1768bb5"
  integrity sha1-q4hOjn5X44qUR1POxwb3iNF2i7U=

pbkdf2@^3.0.16, pbkdf2@^3.0.3, pbkdf2@^3.0.9:
  version "3.0.17"
  resolved "https://registry.yarnpkg.com/pbkdf2/-/pbkdf2-3.0.17.tgz#976c206530617b14ebb32114239f7b09336e93a6"
  integrity sha512-U/il5MsrZp7mGg3mSQfn742na2T+1/vHDCG5/iTI3X9MKUuYUZVLQhyRsg06mCgDBTd57TxzgZt7P+fYfjRLtA==
  dependencies:
    create-hash "^1.1.2"
    create-hmac "^1.1.4"
    ripemd160 "^2.0.1"
    safe-buffer "^5.0.1"
    sha.js "^2.4.8"

protobufjs@^6.8.8:
  version "6.8.9"
  resolved "https://registry.yarnpkg.com/protobufjs/-/protobufjs-6.8.9.tgz#0b1adbcdaa983d369c3d9108a97c814edc030754"
  integrity sha512-j2JlRdUeL/f4Z6x4aU4gj9I2LECglC+5qR2TrWb193Tla1qfdaNQTZ8I27Pt7K0Ajmvjjpft7O3KWTGciz4gpw==
  dependencies:
    "@protobufjs/aspromise" "^1.1.2"
    "@protobufjs/base64" "^1.1.2"
    "@protobufjs/codegen" "^2.0.4"
    "@protobufjs/eventemitter" "^1.1.0"
    "@protobufjs/fetch" "^1.1.0"
    "@protobufjs/float" "^1.0.2"
    "@protobufjs/inquire" "^1.1.0"
    "@protobufjs/path" "^1.1.2"
    "@protobufjs/pool" "^1.1.0"
    "@protobufjs/utf8" "^1.1.0"
    "@types/long" "^4.0.0"
    "@types/node" "^10.1.0"
    long "^4.0.0"

querystringify@^2.1.1:
  version "2.2.0"
  resolved "https://registry.yarnpkg.com/querystringify/-/querystringify-2.2.0.tgz#3345941b4153cb9d082d8eee4cda2016a9aef7f6"
  integrity sha512-FIqgj2EUvTa7R50u0rGsyTftzjYmv/a3hO345bZNrqabNqjtgiDMgmo4mkUjd+nzU5oF3dClKqFIPUKybUyqoQ==

randombytes@^2.0.1, randombytes@^2.0.6:
  version "2.1.0"
  resolved "https://registry.yarnpkg.com/randombytes/-/randombytes-2.1.0.tgz#df6f84372f0270dc65cdf6291349ab7a473d4f2a"
  integrity sha512-vYl3iOX+4CKUWuxGi9Ukhie6fsqXqS9FE2Zaic4tNFD2N2QQaXOMFbuKK4QmDHC0JO6B1Zp41J0LpT0oR68amQ==
  dependencies:
    safe-buffer "^5.1.0"

requires-port@^1.0.0:
  version "1.0.0"
  resolved "https://registry.yarnpkg.com/requires-port/-/requires-port-1.0.0.tgz#925d2601d39ac485e091cf0da5c6e694dc3dcaff"
  integrity sha1-kl0mAdOaxIXgkc8NpcbmlNw9yv8=

ripemd160@^2.0.0, ripemd160@^2.0.1:
  version "2.0.2"
  resolved "https://registry.yarnpkg.com/ripemd160/-/ripemd160-2.0.2.tgz#a1c1a6f624751577ba5d07914cbc92850585890c"
  integrity sha512-ii4iagi25WusVoiC4B4lq7pbXfAp3D9v5CwfkY33vffw2+pkDjY1D8GaN7spsxvCSx8dkPqOZCEZyfxcmJG2IA==
  dependencies:
    hash-base "^3.0.0"
    inherits "^2.0.1"

safe-buffer@^5.0.1, safe-buffer@^5.1.0, safe-buffer@^5.1.1, safe-buffer@^5.1.2:
  version "5.2.0"
  resolved "https://registry.yarnpkg.com/safe-buffer/-/safe-buffer-5.2.0.tgz#b74daec49b1148f88c64b68d49b1e815c1f2f519"
  integrity sha512-fZEwUGbVl7kouZs1jCdMLdt95hdIv0ZeHg6L7qPeciMZhZ+/gdesW4wgTARkrFWEpspjEATAzUGPG8N2jJiwbg==

scrypt.js@^0.3.0:
  version "0.3.0"
  resolved "https://registry.yarnpkg.com/scrypt.js/-/scrypt.js-0.3.0.tgz#6c62d61728ad533c8c376a2e5e3e86d41a95c4c0"
  integrity sha512-42LTc1nyFsyv/o0gcHtDztrn+aqpkaCNt5Qh7ATBZfhEZU7IC/0oT/qbBH+uRNoAPvs2fwiOId68FDEoSRA8/A==
  dependencies:
    scryptsy "^1.2.1"
  optionalDependencies:
    scrypt "^6.0.2"

scrypt@^6.0.2:
  version "6.0.3"
  resolved "https://registry.yarnpkg.com/scrypt/-/scrypt-6.0.3.tgz#04e014a5682b53fa50c2d5cce167d719c06d870d"
  integrity sha1-BOAUpWgrU/pQwtXM4WfXGcBthw0=
  dependencies:
    nan "^2.0.8"

scryptsy@^1.2.1:
  version "1.2.1"
  resolved "https://registry.yarnpkg.com/scryptsy/-/scryptsy-1.2.1.tgz#a3225fa4b2524f802700761e2855bdf3b2d92163"
  integrity sha1-oyJfpLJST4AnAHYeKFW987LZIWM=
  dependencies:
    pbkdf2 "^3.0.3"

scryptsy@^2.1.0:
  version "2.1.0"
  resolved "https://registry.yarnpkg.com/scryptsy/-/scryptsy-2.1.0.tgz#8d1e8d0c025b58fdd25b6fa9a0dc905ee8faa790"
  integrity sha512-1CdSqHQowJBnMAFyPEBRfqag/YP9OF394FV+4YREIJX4ljD7OxvQRDayyoyyCk+senRjSkP6VnUNQmVQqB6g7w==

secp256k1@^3.0.1:
  version "3.8.0"
  resolved "https://registry.yarnpkg.com/secp256k1/-/secp256k1-3.8.0.tgz#28f59f4b01dbee9575f56a47034b7d2e3b3b352d"
  integrity sha512-k5ke5avRZbtl9Tqx/SA7CbY3NF6Ro+Sj9cZxezFzuBlLDmyqPiL8hJJ+EmzD8Ig4LUDByHJ3/iPOVoRixs/hmw==
  dependencies:
    bindings "^1.5.0"
    bip66 "^1.1.5"
    bn.js "^4.11.8"
    create-hash "^1.2.0"
    drbg.js "^1.0.1"
    elliptic "^6.5.2"
    nan "^2.14.0"
    safe-buffer "^5.1.2"

sha.js@^2.4.0, sha.js@^2.4.8:
  version "2.4.11"
  resolved "https://registry.yarnpkg.com/sha.js/-/sha.js-2.4.11.tgz#37a5cf0b81ecbc6943de109ba2960d1b26584ae7"
  integrity sha512-QMEp5B7cftE7APOjk5Y6xgrbWu+WkLVQwk8JNjZ8nKRciZaByEW6MubieAiToS7+dwvrjGhH8jRXz3MVd0AYqQ==
  dependencies:
    inherits "^2.0.1"
    safe-buffer "^5.0.1"

tslib@^1.10.0:
  version "1.11.1"
  resolved "https://registry.yarnpkg.com/tslib/-/tslib-1.11.1.tgz#eb15d128827fbee2841549e171f45ed338ac7e35"
  integrity sha512-aZW88SY8kQbU7gpV19lN24LtXh/yD4ZZg6qieAJDDg+YBsJcSmLGK9QpnUjAKVG/xefmvJGd1WUmfpT/g6AJGA==

type@^1.0.1:
  version "1.2.0"
  resolved "https://registry.yarnpkg.com/type/-/type-1.2.0.tgz#848dd7698dafa3e54a6c479e759c4bc3f18847a0"
  integrity sha512-+5nt5AAniqsCnu2cEQQdpzCAh33kVx8n0VoFidKpB1dVVLAN/F+bgVOqOJqOnEnrhp222clB5p3vUlD+1QAnfg==

type@^2.0.0:
  version "2.0.0"
  resolved "https://registry.yarnpkg.com/type/-/type-2.0.0.tgz#5f16ff6ef2eb44f260494dae271033b29c09a9c3"
  integrity sha512-KBt58xCHry4Cejnc2ISQAF7QY+ORngsWfxezO68+12hKV6lQY8P/psIkcbjeHWn7MqcgciWJyCCevFMJdIXpow==

typedarray-to-buffer@^3.1.5:
  version "3.1.5"
  resolved "https://registry.yarnpkg.com/typedarray-to-buffer/-/typedarray-to-buffer-3.1.5.tgz#a97ee7a9ff42691b9f783ff1bc5112fe3fca9080"
  integrity sha512-zdu8XMNEDepKKR+XYOXAVPtWui0ly0NtohUscw+UmaHiAWT8hrV1rr//H6V+0DvJ3OQ19S979M0laLfX8rm82Q==
  dependencies:
    is-typedarray "^1.0.0"

unorm@^1.3.3:
  version "1.6.0"
  resolved "https://registry.yarnpkg.com/unorm/-/unorm-1.6.0.tgz#029b289661fba714f1a9af439eb51d9b16c205af"
  integrity sha512-b2/KCUlYZUeA7JFUuRJZPUtr4gZvBh7tavtv4fvk4+KV9pfGiR6CQAQAWl49ZpR3ts2dk4FYkP7EIgDJoiOLDA==

url-parse@^1.4.4:
  version "1.5.7"
  resolved "https://registry.yarnpkg.com/url-parse/-/url-parse-1.5.7.tgz#00780f60dbdae90181f51ed85fb24109422c932a"
  integrity sha512-HxWkieX+STA38EDk7CE9MEryFeHCKzgagxlGvsdS7WBImq9Mk+PGwiT56w82WI3aicwJA8REp42Cxo98c8FZMA==
  dependencies:
    querystringify "^2.1.1"
    requires-port "^1.0.0"

utility-types@^2.1.0:
  version "2.1.0"
  resolved "https://registry.yarnpkg.com/utility-types/-/utility-types-2.1.0.tgz#0c78fc9f7eb424d14302222b4ddd13fdb17f44ab"
  integrity sha512-/nP2gqavggo6l38rtQI/CdeV+2fmBGXVvHgj9kV2MAnms3TIi77Mz9BtapPFI0+GZQCqqom0vACQ+VlTTaCovw==

utility-types@^3.4.1:
  version "3.10.0"
  resolved "https://registry.yarnpkg.com/utility-types/-/utility-types-3.10.0.tgz#ea4148f9a741015f05ed74fd615e1d20e6bed82b"
  integrity sha512-O11mqxmi7wMKCo6HKFt5AhO4BwY3VV68YU07tgxfz8zJTIxr4BpsezN49Ffwy9j3ZpwwJp4fkRwjRzq3uWE6Rg==

uuid@^3.3.2:
  version "3.4.0"
  resolved "https://registry.yarnpkg.com/uuid/-/uuid-3.4.0.tgz#b23e4358afa8a202fe7a100af1f5f883f02007ee"
  integrity sha512-HjSDRw6gZE5JMggctHBcjVak08+KEVhSIiDzFnT9S9aegmp85S/bReBVTb4QTFaRNptJ9kuYaNhnbNEOkbKb/A==

websocket@^1.0.28:
  version "1.0.31"
  resolved "https://registry.yarnpkg.com/websocket/-/websocket-1.0.31.tgz#e5d0f16c3340ed87670e489ecae6144c79358730"
  integrity sha512-VAouplvGKPiKFDTeCCO65vYHsyay8DqoBSlzIO3fayrfOgU94lQN5a1uWVnFrMLceTJw/+fQXR5PGbUVRaHshQ==
  dependencies:
    debug "^2.2.0"
    es5-ext "^0.10.50"
    nan "^2.14.0"
    typedarray-to-buffer "^3.1.5"
    yaeti "^0.0.6"

whatwg-fetch@2.0.4:
  version "2.0.4"
  resolved "https://registry.yarnpkg.com/whatwg-fetch/-/whatwg-fetch-2.0.4.tgz#dde6a5df315f9d39991aa17621853d720b85566f"
  integrity sha512-dcQ1GWpOD/eEQ97k66aiEVpNnapVj90/+R+SXTPYGHpYBBypfKJEQjLrvMZ7YXbKm21gXd4NcuxUTjiv1YtLng==

yaeti@^0.0.6:
  version "0.0.6"
  resolved "https://registry.yarnpkg.com/yaeti/-/yaeti-0.0.6.tgz#f26f484d72684cf42bedfb76970aa1608fbf9577"
  integrity sha1-8m9ITXJoTPQr7ft2lwqhYI+/lXc=
